
Microsoft Visual Studio Solution File, Format Version 12.00
# Visual Studio Version 16
VisualStudioVersion = 16.0.31321.278
MinimumVisualStudioVersion = 10.0.40219.1
Project("{FAE04EC0-301F-11D3-BF4B-00C04F79EFBC}") = "TqlPoWebApi", "TqlPoWebApi\TqlPoWebApi.csproj", "{80FCCF8E-182C-41AF-9D7E-46B26F4C018D}"
EndProject
Global
	GlobalSection(SolutionConfigurationPlatforms) = preSolution
		Debug|Any CPU = Debug|Any CPU
		Release|Any CPU = Release|Any CPU
	EndGlobalSection
	GlobalSection(ProjectConfigurationPlatforms) = postSolution
		{80FCCF8E-182C-41AF-9D7E-46B26F4C018D}.Debug|Any CPU.ActiveCfg = Debug|Any CPU
		{80FCCF8E-182C-41AF-9D7E-46B26F4C018D}.Debug|Any CPU.Build.0 = Debug|Any CPU
		{80FCCF8E-182C-41AF-9D7E-46B26F4C018D}.Release|Any CPU.ActiveCfg = Release|Any CPU
		{80FCCF8E-182C-41AF-9D7E-46B26F4C018D}.Release|Any CPU.Build.0 = Release|Any CPU
	EndGlobalSection
	GlobalSection(SolutionProperties) = preSolution
		HideSolutionNode = FALSE
	EndGlobalSection
	GlobalSection(ExtensibilityGlobals) = postSolution
		SolutionGuid = {B00FB8E8-0465-427B-AB0A-16152DC17F4F}
	EndGlobalSection
EndGlobal
